
Microsoft Visual Studio Solution File, Format Version 12.00
# Visual Studio Version 17
VisualStudioVersion = 17.1.32407.343
MinimumVisualStudioVersion = 10.0.40219.1
Project("{9A19103F-16F7-4668-BE54-9A1E7A4F7556}") = "BookStoreApp.API", "BookStoreApp.API\BookStoreApp.API.csproj", "{316DDCAE-BF82-4DA0-BAF2-BCFC3C97E298}"
EndProject
Project("{9A19103F-16F7-4668-BE54-9A1E7A4F7556}") = "BookStoreApp.Blazor.Server.UI", "BookStoreApp.Blazor.Server.UI\BookStoreApp.Blazor.Server.UI.csproj", "{1D3729E1-EC50-42B0-B4B2-E1CAA712691B}"
EndProject
Project("{FAE04EC0-301F-11D3-BF4B-00C04F79EFBC}") = "BookStoreApp.Blazor.WebAssembly.UI", "BookStoreApp.Blazor.WebAssembly.UI\BookStoreApp.Blazor.WebAssembly.UI.csproj", "{BC58B579-4C9B-468F-ADEE-26353DD57AA3}"
EndProject
Global
	GlobalSection(SolutionConfigurationPlatforms) = preSolution
		Debug|Any CPU = Debug|Any CPU
		Release|Any CPU = Release|Any CPU
	EndGlobalSection
	GlobalSection(ProjectConfigurationPlatforms) = postSolution
		{316DDCAE-BF82-4DA0-BAF2-BCFC3C97E298}.Debug|Any CPU.ActiveCfg = Debug|Any CPU
		{316DDCAE-BF82-4DA0-BAF2-BCFC3C97E298}.Debug|Any CPU.Build.0 = Debug|Any CPU
		{316DDCAE-BF82-4DA0-BAF2-BCFC3C97E298}.Release|Any CPU.ActiveCfg = Release|Any CPU
		{316DDCAE-BF82-4DA0-BAF2-BCFC3C97E298}.Release|Any CPU.Build.0 = Release|Any CPU
		{1D3729E1-EC50-42B0-B4B2-E1CAA712691B}.Debug|Any CPU.ActiveCfg = Debug|Any CPU
		{1D3729E1-EC50-42B0-B4B2-E1CAA712691B}.Debug|Any CPU.Build.0 = Debug|Any CPU
		{1D3729E1-EC50-42B0-B4B2-E1CAA712691B}.Release|Any CPU.ActiveCfg = Release|Any CPU
		{1D3729E1-EC50-42B0-B4B2-E1CAA712691B}.Release|Any CPU.Build.0 = Release|Any CPU
		{BC58B579-4C9B-468F-ADEE-26353DD57AA3}.Debug|Any CPU.ActiveCfg = Debug|Any CPU
		{BC58B579-4C9B-468F-ADEE-26353DD57AA3}.Debug|Any CPU.Build.0 = Debug|Any CPU
		{BC58B579-4C9B-468F-ADEE-26353DD57AA3}.Release|Any CPU.ActiveCfg = Release|Any CPU
		{BC58B579-4C9B-468F-ADEE-26353DD57AA3}.Release|Any CPU.Build.0 = Release|Any CPU
	EndGlobalSection
	GlobalSection(SolutionProperties) = preSolution
		HideSolutionNode = FALSE
	EndGlobalSection
	GlobalSection(ExtensibilityGlobals) = postSolution
		SolutionGuid = {ABC5C079-14DF-4530-9119-4C92EE007FCE}
	EndGlobalSection
EndGlobal
